{
  "name": "@rebase-team/qr-scanner",
  "version": "0.1.0",
  "lockfileVersion": 1,
  "requires": true,
  "dependencies": {
    "@ionic-native/core": {
      "version": "5.27.0",
      "resolved": "https://registry.npmjs.org/@ionic-native/core/-/core-5.27.0.tgz",
      "integrity": "sha512-qJcZJtXaXUpwKTMzLc6tGitHJVYQCcSlx2XNQUiKyck47g98Xxo8D0zgHoRiCQvApOqw1iEKzh6xs5PLkmcXqw==",
      "requires": {
        "@types/cordova": "^0.0.34"
      }
    },
    "@ionic-native/qr-scanner": {
      "version": "5.27.0",
      "resolved": "https://registry.npmjs.org/@ionic-native/qr-scanner/-/qr-scanner-5.27.0.tgz",
      "integrity": "sha512-79aa/8F2YZkZUAE0ktyGeX2fPUV7jhxuTrcPgq0WAi6HSrbYRVRpDrKmMZ/sP9PxVW4BybO6GPHrPCP2pIS0/g==",
      "requires": {
        "@types/cordova": "^0.0.34"
      }
    },
    "@types/cordova": {
      "version": "0.0.34",
      "resolved": "https://registry.npmjs.org/@types/cordova/-/cordova-0.0.34.tgz",
      "integrity": "sha1-6nrd907Ow9dimCegw54smt3HPQQ="
    }
  }
}
